
Microsoft Visual Studio Solution File, Format Version 12.00
# Visual Studio Version 17
VisualStudioVersion = 17.0.31903.59
MinimumVisualStudioVersion = 10.0.40219.1
Project("{FAE04EC0-301F-11D3-BF4B-00C04F79EFBC}") = "API", "API\API.csproj", "{18868B5F-EC0C-4BFA-9378-87DE19E1F315}"
EndProject
Project("{FAE04EC0-301F-11D3-BF4B-00C04F79EFBC}") = "Application", "Application\Application.csproj", "{19C5B6F4-F8F2-4849-BBA4-928D2379911D}"
EndProject
Project("{FAE04EC0-301F-11D3-BF4B-00C04F79EFBC}") = "Domain", "Domain\Domain.csproj", "{FA34DB1F-AF23-4DA7-AB81-28ACD655275E}"
EndProject
Project("{FAE04EC0-301F-11D3-BF4B-00C04F79EFBC}") = "Persistence", "Persistence\Persistence.csproj", "{BBA064FD-C4A0-4F0D-8985-FB383A42BD98}"
EndProject
Global
	GlobalSection(SolutionConfigurationPlatforms) = preSolution
		Debug|Any CPU = Debug|Any CPU
		Release|Any CPU = Release|Any CPU
	EndGlobalSection
	GlobalSection(SolutionProperties) = preSolution
		HideSolutionNode = FALSE
	EndGlobalSection
	GlobalSection(ProjectConfigurationPlatforms) = postSolution
		{18868B5F-EC0C-4BFA-9378-87DE19E1F315}.Debug|Any CPU.ActiveCfg = Debug|Any CPU
		{18868B5F-EC0C-4BFA-9378-87DE19E1F315}.Debug|Any CPU.Build.0 = Debug|Any CPU
		{18868B5F-EC0C-4BFA-9378-87DE19E1F315}.Release|Any CPU.ActiveCfg = Release|Any CPU
		{18868B5F-EC0C-4BFA-9378-87DE19E1F315}.Release|Any CPU.Build.0 = Release|Any CPU
		{19C5B6F4-F8F2-4849-BBA4-928D2379911D}.Debug|Any CPU.ActiveCfg = Debug|Any CPU
		{19C5B6F4-F8F2-4849-BBA4-928D2379911D}.Debug|Any CPU.Build.0 = Debug|Any CPU
		{19C5B6F4-F8F2-4849-BBA4-928D2379911D}.Release|Any CPU.ActiveCfg = Release|Any CPU
		{19C5B6F4-F8F2-4849-BBA4-928D2379911D}.Release|Any CPU.Build.0 = Release|Any CPU
		{FA34DB1F-AF23-4DA7-AB81-28ACD655275E}.Debug|Any CPU.ActiveCfg = Debug|Any CPU
		{FA34DB1F-AF23-4DA7-AB81-28ACD655275E}.Debug|Any CPU.Build.0 = Debug|Any CPU
		{FA34DB1F-AF23-4DA7-AB81-28ACD655275E}.Release|Any CPU.ActiveCfg = Release|Any CPU
		{FA34DB1F-AF23-4DA7-AB81-28ACD655275E}.Release|Any CPU.Build.0 = Release|Any CPU
		{BBA064FD-C4A0-4F0D-8985-FB383A42BD98}.Debug|Any CPU.ActiveCfg = Debug|Any CPU
		{BBA064FD-C4A0-4F0D-8985-FB383A42BD98}.Debug|Any CPU.Build.0 = Debug|Any CPU
		{BBA064FD-C4A0-4F0D-8985-FB383A42BD98}.Release|Any CPU.ActiveCfg = Release|Any CPU
		{BBA064FD-C4A0-4F0D-8985-FB383A42BD98}.Release|Any CPU.Build.0 = Release|Any CPU
	EndGlobalSection
EndGlobal
